// !$*UTF8*$!
{
	archiveVersion = 1;
	classes = {
	};
	objectVersion = 46;
	objects = {

/* Begin PBXBuildFile section */
		20BEAF97F629B86AA2E24B89 /* Scanner.swift in Sources */ = {isa = PBXBuildFile; fileRef = 20BEA9AC2E70747EA6C368D3 /* Scanner.swift */; };
		7E03227A1EAE5221005E6B11 /* Extensions & generics.swift in Sources */ = {isa = PBXBuildFile; fileRef = 7E0322791EAE5221005E6B11 /* Extensions & generics.swift */; };
		7E03227C1EAE54DF005E6B11 /* Program constants.swift in Sources */ = {isa = PBXBuildFile; fileRef = 7E03227B1EAE54DF005E6B11 /* Program constants.swift */; };
		7E0322801EAE5665005E6B11 /* Domain & UI models.swift in Sources */ = {isa = PBXBuildFile; fileRef = 7E03227F1EAE5665005E6B11 /* Domain & UI models.swift */; };
		7E10A7981E9DB773005C891C /* Protocols.swift in Sources */ = {isa = PBXBuildFile; fileRef = 7E10A7971E9DB773005C891C /* Protocols.swift */; };
		7E2457791BB7A34700113E00 /* AppDelegate.swift in Sources */ = {isa = PBXBuildFile; fileRef = 7E2457781BB7A34700113E00 /* AppDelegate.swift */; };
		7E24577B1BB7A34700113E00 /* UnblockerViewController.swift in Sources */ = {isa = PBXBuildFile; fileRef = 7E24577A1BB7A34700113E00 /* UnblockerViewController.swift */; };
		7E24577E1BB7A34700113E00 /* Main.storyboard in Resources */ = {isa = PBXBuildFile; fileRef = 7E24577C1BB7A34700113E00 /* Main.storyboard */; };
		7E2457801BB7A34700113E00 /* Assets.xcassets in Resources */ = {isa = PBXBuildFile; fileRef = 7E24577F1BB7A34700113E00 /* Assets.xcassets */; };
		7EA022D91EC21C0B008B08A7 /* license.txt in Resources */ = {isa = PBXBuildFile; fileRef = 7EA022D81EC21C0B008B08A7 /* license.txt */; };
		7ECD5C951CFB3DF700EE113A /* ImageViewController.swift in Sources */ = {isa = PBXBuildFile; fileRef = 7ECD5C941CFB3DF700EE113A /* ImageViewController.swift */; };
		7EDD59041CF2B006003D0762 /* Solver.swift in Sources */ = {isa = PBXBuildFile; fileRef = 7EDD59031CF2B006003D0762 /* Solver.swift */; };
		7EE415951D0CBFEB0032A3B6 /* TextViewController.swift in Sources */ = {isa = PBXBuildFile; fileRef = 7EE415941D0CBFEB0032A3B6 /* TextViewController.swift */; };
/* End PBXBuildFile section */

/* Begin PBXFileReference section */
		20BEA9AC2E70747EA6C368D3 /* Scanner.swift */ = {isa = PBXFileReference; fileEncoding = 4; lastKnownFileType = sourcecode.swift; lineEnding = 0; path = Scanner.swift; sourceTree = "<group>"; xcLanguageSpecificationIdentifier = xcode.lang.swift; };
		7E0322791EAE5221005E6B11 /* Extensions & generics.swift */ = {isa = PBXFileReference; fileEncoding = 4; lastKnownFileType = sourcecode.swift; lineEnding = 0; path = "Extensions & generics.swift"; sourceTree = "<group>"; xcLanguageSpecificationIdentifier = xcode.lang.swift; };
		7E03227B1EAE54DF005E6B11 /* Program constants.swift */ = {isa = PBXFileReference; fileEncoding = 4; lastKnownFileType = sourcecode.swift; lineEnding = 0; path = "Program constants.swift"; sourceTree = "<group>"; xcLanguageSpecificationIdentifier = xcode.lang.swift; };
		7E03227F1EAE5665005E6B11 /* Domain & UI models.swift */ = {isa = PBXFileReference; fileEncoding = 4; lastKnownFileType = sourcecode.swift; lineEnding = 0; path = "Domain & UI models.swift"; sourceTree = "<group>"; xcLanguageSpecificationIdentifier = xcode.lang.swift; };
		7E10A7971E9DB773005C891C /* Protocols.swift */ = {isa = PBXFileReference; fileEncoding = 4; lastKnownFileType = sourcecode.swift; lineEnding = 0; path = Protocols.swift; sourceTree = "<group>"; xcLanguageSpecificationIdentifier = xcode.lang.swift; };
		7E2457751BB7A34700113E00 /* Unblocker.app */ = {isa = PBXFileReference; explicitFileType = wrapper.application; includeInIndex = 0; path = Unblocker.app; sourceTree = BUILT_PRODUCTS_DIR; };
		7E2457781BB7A34700113E00 /* AppDelegate.swift */ = {isa = PBXFileReference; lastKnownFileType = sourcecode.swift; lineEnding = 0; path = AppDelegate.swift; sourceTree = "<group>"; xcLanguageSpecificationIdentifier = xcode.lang.swift; };
		7E24577A1BB7A34700113E00 /* UnblockerViewController.swift */ = {isa = PBXFileReference; lastKnownFileType = sourcecode.swift; lineEnding = 0; path = UnblockerViewController.swift; sourceTree = "<group>"; xcLanguageSpecificationIdentifier = xcode.lang.swift; };
		7E24577D1BB7A34700113E00 /* Base */ = {isa = PBXFileReference; lastKnownFileType = file.storyboard; name = Base; path = Base.lproj/Main.storyboard; sourceTree = "<group>"; };
		7E24577F1BB7A34700113E00 /* Assets.xcassets */ = {isa = PBXFileReference; lastKnownFileType = folder.assetcatalog; path = Assets.xcassets; sourceTree = "<group>"; };
		7EA022D81EC21C0B008B08A7 /* license.txt */ = {isa = PBXFileReference; fileEncoding = 4; lastKnownFileType = text; path = license.txt; sourceTree = "<group>"; };
		7ECD5C941CFB3DF700EE113A /* ImageViewController.swift */ = {isa = PBXFileReference; fileEncoding = 4; lastKnownFileType = sourcecode.swift; lineEnding = 0; path = ImageViewController.swift; sourceTree = "<group>"; xcLanguageSpecificationIdentifier = xcode.lang.swift; };
		7EDD59031CF2B006003D0762 /* Solver.swift */ = {isa = PBXFileReference; fileEncoding = 4; lastKnownFileType = sourcecode.swift; lineEnding = 0; path = Solver.swift; sourceTree = "<group>"; xcLanguageSpecificationIdentifier = xcode.lang.swift; };
		7EE415941D0CBFEB0032A3B6 /* TextViewController.swift */ = {isa = PBXFileReference; fileEncoding = 4; lastKnownFileType = sourcecode.swift; lineEnding = 0; path = TextViewController.swift; sourceTree = "<group>"; xcLanguageSpecificationIdentifier = xcode.lang.swift; };
		7EEE5B461E9FE50800AA3F20 /* Info.plist */ = {isa = PBXFileReference; fileEncoding = 4; lastKnownFileType = text.plist.xml; path = Info.plist; sourceTree = "<group>"; };
/* End PBXFileReference section */

/* Begin PBXFrameworksBuildPhase section */
		7E2457721BB7A34600113E00 /* Frameworks */ = {
			isa = PBXFrameworksBuildPhase;
			buildActionMask = 2147483647;
			files = (
			);
			runOnlyForDeploymentPostprocessing = 0;
		};
/* End PBXFrameworksBuildPhase section */

/* Begin PBXGroup section */
		7E0322871EAEDCB8005E6B11 /* Supporting files */ = {
			isa = PBXGroup;
			children = (
				7EA022D81EC21C0B008B08A7 /* license.txt */,
				7EEE5B461E9FE50800AA3F20 /* Info.plist */,
				7E2457781BB7A34700113E00 /* AppDelegate.swift */,
				7E24577F1BB7A34700113E00 /* Assets.xcassets */,
			);
			name = "Supporting files";
			sourceTree = "<group>";
		};
		7E24576C1BB7A34600113E00 = {
			isa = PBXGroup;
			children = (
				7E2457771BB7A34700113E00 /* Unblocker */,
				7E2457761BB7A34700113E00 /* Products */,
			);
			sourceTree = "<group>";
		};
		7E2457761BB7A34700113E00 /* Products */ = {
			isa = PBXGroup;
			children = (
				7E2457751BB7A34700113E00 /* Unblocker.app */,
			);
			name = Products;
			sourceTree = "<group>";
		};
		7E2457771BB7A34700113E00 /* Unblocker */ = {
			isa = PBXGroup;
			children = (
				7E24577C1BB7A34700113E00 /* Main.storyboard */,
				7E0322791EAE5221005E6B11 /* Extensions & generics.swift */,
				7E10A7971E9DB773005C891C /* Protocols.swift */,
				7E03227B1EAE54DF005E6B11 /* Program constants.swift */,
				7E03227F1EAE5665005E6B11 /* Domain & UI models.swift */,
				20BEA9AC2E70747EA6C368D3 /* Scanner.swift */,
				7EDD59031CF2B006003D0762 /* Solver.swift */,
				7E24577A1BB7A34700113E00 /* UnblockerViewController.swift */,
				7EE415941D0CBFEB0032A3B6 /* TextViewController.swift */,
				7ECD5C941CFB3DF700EE113A /* ImageViewController.swift */,
				7E0322871EAEDCB8005E6B11 /* Supporting files */,
			);
			path = Unblocker;
			sourceTree = "<group>";
		};
/* End PBXGroup section */

/* Begin PBXNativeTarget section */
		7E2457741BB7A34600113E00 /* Unblocker */ = {
			isa = PBXNativeTarget;
			buildConfigurationList = 7E2457871BB7A34700113E00 /* Build configuration list for PBXNativeTarget "Unblocker" */;
			buildPhases = (
				7E2457711BB7A34600113E00 /* Sources */,
				7E2457721BB7A34600113E00 /* Frameworks */,
				7E2457731BB7A34600113E00 /* Resources */,
			);
			buildRules = (
			);
			dependencies = (
			);
			name = Unblocker;
			productName = Unblocker;
			productReference = 7E2457751BB7A34700113E00 /* Unblocker.app */;
			productType = "com.apple.product-type.application";
		};
/* End PBXNativeTarget section */

/* Begin PBXProject section */
		7E24576D1BB7A34600113E00 /* Project object */ = {
			isa = PBXProject;
			attributes = {
				LastSwiftUpdateCheck = 0820;
				LastUpgradeCheck = 0800;
				ORGANIZATIONNAME = "Cameron Pitcairn";
				TargetAttributes = {
					7E2457741BB7A34600113E00 = {
						CreatedOnToolsVersion = 7.0;
						DevelopmentTeam = K837U8Z74G;
						LastSwiftMigration = 0900;
						ProvisioningStyle = Automatic;
					};
				};
			};
			buildConfigurationList = 7E2457701BB7A34600113E00 /* Build configuration list for PBXProject "Unblocker" */;
			compatibilityVersion = "Xcode 3.2";
			developmentRegion = English;
			hasScannedForEncodings = 0;
			knownRegions = (
				en,
				Base,
			);
			mainGroup = 7E24576C1BB7A34600113E00;
			productRefGroup = 7E2457761BB7A34700113E00 /* Products */;
			projectDirPath = "";
			projectRoot = "";
			targets = (
				7E2457741BB7A34600113E00 /* Unblocker */,
			);
		};
/* End PBXProject section */

/* Begin PBXResourcesBuildPhase section */
		7E2457731BB7A34600113E00 /* Resources */ = {
			isa = PBXResourcesBuildPhase;
			buildActionMask = 2147483647;
			files = (
				7EA022D91EC21C0B008B08A7 /* license.txt in Resources */,
				7E2457801BB7A34700113E00 /* Assets.xcassets in Resources */,
				7E24577E1BB7A34700113E00 /* Main.storyboard in Resources */,
			);
			runOnlyForDeploymentPostprocessing = 0;
		};
/* End PBXResourcesBuildPhase section */

/* Begin PBXSourcesBuildPhase section */
		7E2457711BB7A34600113E00 /* Sources */ = {
			isa = PBXSourcesBuildPhase;
			buildActionMask = 2147483647;
			files = (
				7E0322801EAE5665005E6B11 /* Domain & UI models.swift in Sources */,
				7EDD59041CF2B006003D0762 /* Solver.swift in Sources */,
				7ECD5C951CFB3DF700EE113A /* ImageViewController.swift in Sources */,
				7E03227C1EAE54DF005E6B11 /* Program constants.swift in Sources */,
				7E10A7981E9DB773005C891C /* Protocols.swift in Sources */,
				7E24577B1BB7A34700113E00 /* UnblockerViewController.swift in Sources */,
				7EE415951D0CBFEB0032A3B6 /* TextViewController.swift in Sources */,
				7E2457791BB7A34700113E00 /* AppDelegate.swift in Sources */,
				7E03227A1EAE5221005E6B11 /* Extensions & generics.swift in Sources */,
				20BEAF97F629B86AA2E24B89 /* Scanner.swift in Sources */,
			);
			runOnlyForDeploymentPostprocessing = 0;
		};
/* End PBXSourcesBuildPhase section */

/* Begin PBXVariantGroup section */
		7E24577C1BB7A34700113E00 /* Main.storyboard */ = {
			isa = PBXVariantGroup;
			children = (
				7E24577D1BB7A34700113E00 /* Base */,
			);
			name = Main.storyboard;
			sourceTree = "<group>";
		};
/* End PBXVariantGroup section */

/* Begin XCBuildConfiguration section */
		7E12EA5E1EC6047C004A5B8D /* QAbort */ = {
			isa = XCBuildConfiguration;
			buildSettings = {
				ALWAYS_SEARCH_USER_PATHS = NO;
				CLANG_CXX_LANGUAGE_STANDARD = "gnu++0x";
				CLANG_CXX_LIBRARY = "libc++";
				CLANG_ENABLE_MODULES = YES;
				CLANG_ENABLE_OBJC_ARC = YES;
				CLANG_WARN_BOOL_CONVERSION = YES;
				CLANG_WARN_CONSTANT_CONVERSION = YES;
				CLANG_WARN_DIRECT_OBJC_ISA_USAGE = YES_ERROR;
				CLANG_WARN_EMPTY_BODY = YES;
				CLANG_WARN_ENUM_CONVERSION = YES;
				CLANG_WARN_INFINITE_RECURSION = YES;
				CLANG_WARN_INT_CONVERSION = YES;
				CLANG_WARN_OBJC_ROOT_CLASS = YES_ERROR;
				CLANG_WARN_SUSPICIOUS_MOVE = YES;
				CLANG_WARN_UNREACHABLE_CODE = YES;
				CLANG_WARN__DUPLICATE_METHOD_MATCH = YES;
				"CODE_SIGN_IDENTITY[sdk=iphoneos*]" = "iPhone Developer";
				COPY_PHASE_STRIP = NO;
				DEBUG_INFORMATION_FORMAT = dwarf;
				ENABLE_STRICT_OBJC_MSGSEND = YES;
				ENABLE_TESTABILITY = YES;
				GCC_C_LANGUAGE_STANDARD = gnu99;
				GCC_DYNAMIC_NO_PIC = NO;
				GCC_NO_COMMON_BLOCKS = YES;
				GCC_OPTIMIZATION_LEVEL = 0;
				GCC_PREPROCESSOR_DEFINITIONS = (
					"DEBUG=1",
					"$(inherited)",
				);
				GCC_WARN_64_TO_32_BIT_CONVERSION = YES;
				GCC_WARN_ABOUT_RETURN_TYPE = YES_ERROR;
				GCC_WARN_UNDECLARED_SELECTOR = YES;
				GCC_WARN_UNINITIALIZED_AUTOS = YES_AGGRESSIVE;
				GCC_WARN_UNUSED_FUNCTION = YES;
				GCC_WARN_UNUSED_VARIABLE = YES;
				IPHONEOS_DEPLOYMENT_TARGET = 9.0;
				MTL_ENABLE_DEBUG_INFO = YES;
				ONLY_ACTIVE_ARCH = YES;
				OTHER_SWIFT_FLAGS = "-DQABORT";
				SDKROOT = iphoneos;
				SWIFT_OPTIMIZATION_LEVEL = "-Onone";
				SWIFT_VERSION = "";
				TARGETED_DEVICE_FAMILY = "1,2";
			};
			name = QAbort;
		};
		7E12EA5F1EC6047C004A5B8D /* QAbort */ = {
			isa = XCBuildConfiguration;
			buildSettings = {
				ASSETCATALOG_COMPILER_APPICON_NAME = AppIcon;
				"CODE_SIGN_IDENTITY[sdk=iphoneos*]" = "iPhone Developer";
				DEVELOPMENT_TEAM = K837U8Z74G;
				INFOPLIST_FILE = Unblocker/Info.plist;
				IPHONEOS_DEPLOYMENT_TARGET = 9.0;
				LD_RUNPATH_SEARCH_PATHS = "$(inherited) @executable_path/Frameworks";
				PRODUCT_BUNDLE_IDENTIFIER = com.braehame.cameron.Unblocker;
				PRODUCT_NAME = "$(TARGET_NAME)";
				PROVISIONING_PROFILE = "";
				PROVISIONING_PROFILE_SPECIFIER = "";
				SWIFT_SWIFT3_OBJC_INFERENCE = Default;
				SWIFT_VERSION = 4.0;
				TARGETED_DEVICE_FAMILY = "1,2";
			};
			name = QAbort;
		};
		7E2457851BB7A34700113E00 /* Debug */ = {
			isa = XCBuildConfiguration;
			buildSettings = {
				ALWAYS_SEARCH_USER_PATHS = NO;
				CLANG_CXX_LANGUAGE_STANDARD = "gnu++0x";
				CLANG_CXX_LIBRARY = "libc++";
				CLANG_ENABLE_MODULES = YES;
				CLANG_ENABLE_OBJC_ARC = YES;
				CLANG_WARN_BOOL_CONVERSION = YES;
				CLANG_WARN_CONSTANT_CONVERSION = YES;
				CLANG_WARN_DIRECT_OBJC_ISA_USAGE = YES_ERROR;
				CLANG_WARN_EMPTY_BODY = YES;
				CLANG_WARN_ENUM_CONVERSION = YES;
				CLANG_WARN_INFINITE_RECURSION = YES;
				CLANG_WARN_INT_CONVERSION = YES;
				CLANG_WARN_OBJC_ROOT_CLASS = YES_ERROR;
				CLANG_WARN_SUSPICIOUS_MOVE = YES;
				CLANG_WARN_UNREACHABLE_CODE = YES;
				CLANG_WARN__DUPLICATE_METHOD_MATCH = YES;
				"CODE_SIGN_IDENTITY[sdk=iphoneos*]" = "iPhone Developer";
				COPY_PHASE_STRIP = NO;
				DEBUG_INFORMATION_FORMAT = dwarf;
				ENABLE_STRICT_OBJC_MSGSEND = YES;
				ENABLE_TESTABILITY = YES;
				GCC_C_LANGUAGE_STANDARD = gnu99;
				GCC_DYNAMIC_NO_PIC = NO;
				GCC_NO_COMMON_BLOCKS = YES;
				GCC_OPTIMIZATION_LEVEL = 0;
				GCC_PREPROCESSOR_DEFINITIONS = (
					"DEBUG=1",
					"$(inherited)",
				);
				GCC_WARN_64_TO_32_BIT_CONVERSION = YES;
				GCC_WARN_ABOUT_RETURN_TYPE = YES_ERROR;
				GCC_WARN_UNDECLARED_SELECTOR = YES;
				GCC_WARN_UNINITIALIZED_AUTOS = YES_AGGRESSIVE;
				GCC_WARN_UNUSED_FUNCTION = YES;
				GCC_WARN_UNUSED_VARIABLE = YES;
				IPHONEOS_DEPLOYMENT_TARGET = 9.0;
				MTL_ENABLE_DEBUG_INFO = YES;
				ONLY_ACTIVE_ARCH = YES;
				OTHER_SWIFT_FLAGS = "";
				SDKROOT = iphoneos;
				SWIFT_OPTIMIZATION_LEVEL = "-Onone";
				SWIFT_VERSION = "";
				TARGETED_DEVICE_FAMILY = "1,2";
			};
			name = Debug;
		};
		7E2457861BB7A34700113E00 /* Release */ = {
			isa = XCBuildConfiguration;
			buildSettings = {
				ALWAYS_SEARCH_USER_PATHS = NO;
				CLANG_CXX_LANGUAGE_STANDARD = "gnu++0x";
				CLANG_CXX_LIBRARY = "libc++";
				CLANG_ENABLE_MODULES = YES;
				CLANG_ENABLE_OBJC_ARC = YES;
				CLANG_WARN_BOOL_CONVERSION = YES;
				CLANG_WARN_CONSTANT_CONVERSION = YES;
				CLANG_WARN_DIRECT_OBJC_ISA_USAGE = YES_ERROR;
				CLANG_WARN_EMPTY_BODY = YES;
				CLANG_WARN_ENUM_CONVERSION = YES;
				CLANG_WARN_INFINITE_RECURSION = YES;
				CLANG_WARN_INT_CONVERSION = YES;
				CLANG_WARN_OBJC_ROOT_CLASS = YES_ERROR;
				CLANG_WARN_SUSPICIOUS_MOVE = YES;
				CLANG_WARN_UNREACHABLE_CODE = YES;
				CLANG_WARN__DUPLICATE_METHOD_MATCH = YES;
				"CODE_SIGN_IDENTITY[sdk=iphoneos*]" = "iPhone Developer";
				COPY_PHASE_STRIP = NO;
				DEBUG_INFORMATION_FORMAT = "dwarf-with-dsym";
				ENABLE_NS_ASSERTIONS = NO;
				ENABLE_STRICT_OBJC_MSGSEND = YES;
				GCC_C_LANGUAGE_STANDARD = gnu99;
				GCC_NO_COMMON_BLOCKS = YES;
				GCC_WARN_64_TO_32_BIT_CONVERSION = YES;
				GCC_WARN_ABOUT_RETURN_TYPE = YES_ERROR;
				GCC_WARN_UNDECLARED_SELECTOR = YES;
				GCC_WARN_UNINITIALIZED_AUTOS = YES_AGGRESSIVE;
				GCC_WARN_UNUSED_FUNCTION = YES;
				GCC_WARN_UNUSED_VARIABLE = YES;
				IPHONEOS_DEPLOYMENT_TARGET = 9.0;
				MTL_ENABLE_DEBUG_INFO = NO;
				OTHER_SWIFT_FLAGS = "";
				SDKROOT = iphoneos;
				SWIFT_OPTIMIZATION_LEVEL = "-Owholemodule";
				SWIFT_VERSION = "";
				TARGETED_DEVICE_FAMILY = "1,2";
				VALIDATE_PRODUCT = YES;
			};
			name = Release;
		};
		7E2457881BB7A34700113E00 /* Debug */ = {
			isa = XCBuildConfiguration;
			buildSettings = {
				ASSETCATALOG_COMPILER_APPICON_NAME = AppIcon;
				"CODE_SIGN_IDENTITY[sdk=iphoneos*]" = "iPhone Developer";
				DEVELOPMENT_TEAM = K837U8Z74G;
				INFOPLIST_FILE = Unblocker/Info.plist;
				IPHONEOS_DEPLOYMENT_TARGET = 9.0;
				LD_RUNPATH_SEARCH_PATHS = "$(inherited) @executable_path/Frameworks";
				PRODUCT_BUNDLE_IDENTIFIER = com.braehame.cameron.Unblocker;
				PRODUCT_NAME = "$(TARGET_NAME)";
				PROVISIONING_PROFILE = "";
				PROVISIONING_PROFILE_SPECIFIER = "";
				SWIFT_SWIFT3_OBJC_INFERENCE = Default;
				SWIFT_VERSION = 4.0;
				TARGETED_DEVICE_FAMILY = "1,2";
			};
			name = Debug;
		};
		7E2457891BB7A34700113E00 /* Release */ = {
			isa = XCBuildConfiguration;
			buildSettings = {
				ASSETCATALOG_COMPILER_APPICON_NAME = AppIcon;
				"CODE_SIGN_IDENTITY[sdk=iphoneos*]" = "iPhone Developer";
				DEVELOPMENT_TEAM = K837U8Z74G;
				INFOPLIST_FILE = Unblocker/Info.plist;
				IPHONEOS_DEPLOYMENT_TARGET = 9.0;
				LD_RUNPATH_SEARCH_PATHS = "$(inherited) @executable_path/Frameworks";
				PRODUCT_BUNDLE_IDENTIFIER = com.braehame.cameron.Unblocker;
				PRODUCT_NAME = "$(TARGET_NAME)";
				PROVISIONING_PROFILE = "";
				PROVISIONING_PROFILE_SPECIFIER = "";
				SWIFT_SWIFT3_OBJC_INFERENCE = Default;
				SWIFT_VERSION = 4.0;
				TARGETED_DEVICE_FAMILY = "1,2";
			};
			name = Release;
		};
/* End XCBuildConfiguration section */

/* Begin XCConfigurationList section */
		7E2457701BB7A34600113E00 /* Build configuration list for PBXProject "Unblocker" */ = {
			isa = XCConfigurationList;
			buildConfigurations = (
				7E2457851BB7A34700113E00 /* Debug */,
				7E12EA5E1EC6047C004A5B8D /* QAbort */,
				7E2457861BB7A34700113E00 /* Release */,
			);
			defaultConfigurationIsVisible = 0;
			defaultConfigurationName = Release;
		};
		7E2457871BB7A34700113E00 /* Build configuration list for PBXNativeTarget "Unblocker" */ = {
			isa = XCConfigurationList;
			buildConfigurations = (
				7E2457881BB7A34700113E00 /* Debug */,
				7E12EA5F1EC6047C004A5B8D /* QAbort */,
				7E2457891BB7A34700113E00 /* Release */,
			);
			defaultConfigurationIsVisible = 0;
			defaultConfigurationName = Release;
		};
/* End XCConfigurationList section */
	};
	rootObject = 7E24576D1BB7A34600113E00 /* Project object */;
}
